
Microsoft Visual Studio Solution File, Format Version 12.00
# Visual Studio 15
VisualStudioVersion = 15.0.28307.572
MinimumVisualStudioVersion = 10.0.40219.1
Project("{9A19103F-16F7-4668-BE54-9A1E7A4F7556}") = "StandardLibs.Utility", "StandardLibs.Utility\StandardLibs.Utility.csproj", "{2D71E651-3076-4815-AE4E-DA6638FAEB4C}"
EndProject
Project("{9A19103F-16F7-4668-BE54-9A1E7A4F7556}") = "StandardLibs.ISO8583", "StandardLibs.ISO8583\StandardLibs.ISO8583.csproj", "{A039AC5E-F359-4EF0-8ECD-DE6AFBC6E817}"
EndProject
Project("{9A19103F-16F7-4668-BE54-9A1E7A4F7556}") = "StandardLibs.ISO8583.UnitTest", "StandardLibs.ISO8583.UnitTest\StandardLibs.ISO8583.UnitTest.csproj", "{4102438A-0C54-449D-A707-748EEC7575A9}"
EndProject
Project("{9A19103F-16F7-4668-BE54-9A1E7A4F7556}") = "StandardLibs.Dna", "StandardLibs.Dna\StandardLibs.Dna.csproj", "{E46DCE9E-5617-49D3-86B0-84911FAC6097}"
EndProject
Project("{9A19103F-16F7-4668-BE54-9A1E7A4F7556}") = "StandardLibs.Cache", "StandardLibs.Cache\StandardLibs.Cache.csproj", "{508CC9D1-789E-4A37-9EE1-A511A5657E8B}"
EndProject
Project("{9A19103F-16F7-4668-BE54-9A1E7A4F7556}") = "StandardLibs.Cache.UnitTest", "StandardLibs.Cache.UnitTest\StandardLibs.Cache.UnitTest.csproj", "{17B68480-0AEB-4C16-BB00-8C8AA11A7D6A}"
EndProject
Project("{FAE04EC0-301F-11D3-BF4B-00C04F79EFBC}") = "StandardLibs.Dapper", "StandardLibs.Dapper\StandardLibs.Dapper.csproj", "{66013091-1A10-468B-83BA-74A89A32123F}"
EndProject
Global
	GlobalSection(SolutionConfigurationPlatforms) = preSolution
		Debug|Any CPU = Debug|Any CPU
		Release|Any CPU = Release|Any CPU
	EndGlobalSection
	GlobalSection(ProjectConfigurationPlatforms) = postSolution
		{2D71E651-3076-4815-AE4E-DA6638FAEB4C}.Debug|Any CPU.ActiveCfg = Debug|Any CPU
		{2D71E651-3076-4815-AE4E-DA6638FAEB4C}.Debug|Any CPU.Build.0 = Debug|Any CPU
		{2D71E651-3076-4815-AE4E-DA6638FAEB4C}.Release|Any CPU.ActiveCfg = Release|Any CPU
		{2D71E651-3076-4815-AE4E-DA6638FAEB4C}.Release|Any CPU.Build.0 = Release|Any CPU
		{A039AC5E-F359-4EF0-8ECD-DE6AFBC6E817}.Debug|Any CPU.ActiveCfg = Debug|Any CPU
		{A039AC5E-F359-4EF0-8ECD-DE6AFBC6E817}.Debug|Any CPU.Build.0 = Debug|Any CPU
		{A039AC5E-F359-4EF0-8ECD-DE6AFBC6E817}.Release|Any CPU.ActiveCfg = Release|Any CPU
		{A039AC5E-F359-4EF0-8ECD-DE6AFBC6E817}.Release|Any CPU.Build.0 = Release|Any CPU
		{4102438A-0C54-449D-A707-748EEC7575A9}.Debug|Any CPU.ActiveCfg = Debug|Any CPU
		{4102438A-0C54-449D-A707-748EEC7575A9}.Debug|Any CPU.Build.0 = Debug|Any CPU
		{4102438A-0C54-449D-A707-748EEC7575A9}.Release|Any CPU.ActiveCfg = Release|Any CPU
		{4102438A-0C54-449D-A707-748EEC7575A9}.Release|Any CPU.Build.0 = Release|Any CPU
		{E46DCE9E-5617-49D3-86B0-84911FAC6097}.Debug|Any CPU.ActiveCfg = Debug|Any CPU
		{E46DCE9E-5617-49D3-86B0-84911FAC6097}.Debug|Any CPU.Build.0 = Debug|Any CPU
		{E46DCE9E-5617-49D3-86B0-84911FAC6097}.Release|Any CPU.ActiveCfg = Release|Any CPU
		{E46DCE9E-5617-49D3-86B0-84911FAC6097}.Release|Any CPU.Build.0 = Release|Any CPU
		{508CC9D1-789E-4A37-9EE1-A511A5657E8B}.Debug|Any CPU.ActiveCfg = Debug|Any CPU
		{508CC9D1-789E-4A37-9EE1-A511A5657E8B}.Debug|Any CPU.Build.0 = Debug|Any CPU
		{508CC9D1-789E-4A37-9EE1-A511A5657E8B}.Release|Any CPU.ActiveCfg = Release|Any CPU
		{508CC9D1-789E-4A37-9EE1-A511A5657E8B}.Release|Any CPU.Build.0 = Release|Any CPU
		{17B68480-0AEB-4C16-BB00-8C8AA11A7D6A}.Debug|Any CPU.ActiveCfg = Debug|Any CPU
		{17B68480-0AEB-4C16-BB00-8C8AA11A7D6A}.Debug|Any CPU.Build.0 = Debug|Any CPU
		{17B68480-0AEB-4C16-BB00-8C8AA11A7D6A}.Release|Any CPU.ActiveCfg = Release|Any CPU
		{17B68480-0AEB-4C16-BB00-8C8AA11A7D6A}.Release|Any CPU.Build.0 = Release|Any CPU
		{66013091-1A10-468B-83BA-74A89A32123F}.Debug|Any CPU.ActiveCfg = Debug|Any CPU
		{66013091-1A10-468B-83BA-74A89A32123F}.Debug|Any CPU.Build.0 = Debug|Any CPU
		{66013091-1A10-468B-83BA-74A89A32123F}.Release|Any CPU.ActiveCfg = Release|Any CPU
		{66013091-1A10-468B-83BA-74A89A32123F}.Release|Any CPU.Build.0 = Release|Any CPU
	EndGlobalSection
	GlobalSection(SolutionProperties) = preSolution
		HideSolutionNode = FALSE
	EndGlobalSection
	GlobalSection(ExtensibilityGlobals) = postSolution
		SolutionGuid = {E9AED741-4FAB-41E0-AB66-15DD557737A2}
	EndGlobalSection
EndGlobal
